
Microsoft Visual Studio Solution File, Format Version 12.00
# Visual Studio Version 17
VisualStudioVersion = 17.4.33213.308
MinimumVisualStudioVersion = 10.0.40219.1
Project("{FAE04EC0-301F-11D3-BF4B-00C04F79EFBC}") = "Planner", "Planner\Planner.csproj", "{8B801341-D188-4D1B-847D-986AE94BB21A}"
EndProject
Global
	GlobalSection(SolutionConfigurationPlatforms) = preSolution
		Debug|Any CPU = Debug|Any CPU
		Release|Any CPU = Release|Any CPU
	EndGlobalSection
	GlobalSection(ProjectConfigurationPlatforms) = postSolution
		{8B801341-D188-4D1B-847D-986AE94BB21A}.Debug|Any CPU.ActiveCfg = Debug|Any CPU
		{8B801341-D188-4D1B-847D-986AE94BB21A}.Debug|Any CPU.Build.0 = Debug|Any CPU
		{8B801341-D188-4D1B-847D-986AE94BB21A}.Release|Any CPU.ActiveCfg = Release|Any CPU
		{8B801341-D188-4D1B-847D-986AE94BB21A}.Release|Any CPU.Build.0 = Release|Any CPU
	EndGlobalSection
	GlobalSection(SolutionProperties) = preSolution
		HideSolutionNode = FALSE
	EndGlobalSection
	GlobalSection(ExtensibilityGlobals) = postSolution
		SolutionGuid = {764228F5-CA32-4935-8BDF-7AD77ECA3A99}
	EndGlobalSection
EndGlobal
